
Microsoft Visual Studio Solution File, Format Version 12.00
# Visual Studio Version 17
VisualStudioVersion = 17.7.34221.43
MinimumVisualStudioVersion = 10.0.40219.1
Project("{9A19103F-16F7-4668-BE54-9A1E7A4F7556}") = "AvailabilityMicroservice", "..\ScheduleService\AvailabilityMicroservice\AvailabilityMicroservice.csproj", "{44B429E4-89F6-4497-88F5-CC82E8848FE1}"
EndProject
Project("{9A19103F-16F7-4668-BE54-9A1E7A4F7556}") = "ShiftChangeMicroservice", "..\ScheduleService\ShiftChangeMicroservice\ShiftChangeMicroservice.csproj", "{268AC6C3-0D5C-4D38-9406-701833C41817}"
EndProject
Project("{9A19103F-16F7-4668-BE54-9A1E7A4F7556}") = "ShiftScheduleMicroService", "..\ScheduleService\ShiftScheduleService\ShiftScheduleMicroService.csproj", "{C20455BB-511C-4219-B4E0-CBC19729B54B}"
EndProject
Project("{9A19103F-16F7-4668-BE54-9A1E7A4F7556}") = "UserMicroservice", "..\ScheduleService\UserMicroservice\UserMicroservice.csproj", "{6B26D8D6-8B51-40D9-A807-D3714358A9CF}"
EndProject
Project("{FAE04EC0-301F-11D3-BF4B-00C04F79EFBC}") = "TimeRecordingMicroservice", "TimeRecordingMicroservice\TimeRecordingMicroservice.csproj", "{E1323B22-3538-4D57-9E6F-8B5FC86BE469}"
EndProject
Project("{FAE04EC0-301F-11D3-BF4B-00C04F79EFBC}") = "NotificationMicroservice", "Notification Microservice\NotificationMicroservice.csproj", "{D09C2372-F96C-4DDF-8155-6E4377585152}"
EndProject
Project("{FAE04EC0-301F-11D3-BF4B-00C04F79EFBC}") = "ReportingMicroservice", "Reporting Microservice\ReportingMicroservice.csproj", "{FE0FC5C7-D60D-4943-B6AE-973926D1E493}"
EndProject
Global
	GlobalSection(SolutionConfigurationPlatforms) = preSolution
		Debug|Any CPU = Debug|Any CPU
		Release|Any CPU = Release|Any CPU
	EndGlobalSection
	GlobalSection(ProjectConfigurationPlatforms) = postSolution
		{44B429E4-89F6-4497-88F5-CC82E8848FE1}.Debug|Any CPU.ActiveCfg = Debug|Any CPU
		{44B429E4-89F6-4497-88F5-CC82E8848FE1}.Debug|Any CPU.Build.0 = Debug|Any CPU
		{44B429E4-89F6-4497-88F5-CC82E8848FE1}.Release|Any CPU.ActiveCfg = Release|Any CPU
		{44B429E4-89F6-4497-88F5-CC82E8848FE1}.Release|Any CPU.Build.0 = Release|Any CPU
		{268AC6C3-0D5C-4D38-9406-701833C41817}.Debug|Any CPU.ActiveCfg = Debug|Any CPU
		{268AC6C3-0D5C-4D38-9406-701833C41817}.Debug|Any CPU.Build.0 = Debug|Any CPU
		{268AC6C3-0D5C-4D38-9406-701833C41817}.Release|Any CPU.ActiveCfg = Release|Any CPU
		{268AC6C3-0D5C-4D38-9406-701833C41817}.Release|Any CPU.Build.0 = Release|Any CPU
		{C20455BB-511C-4219-B4E0-CBC19729B54B}.Debug|Any CPU.ActiveCfg = Debug|Any CPU
		{C20455BB-511C-4219-B4E0-CBC19729B54B}.Debug|Any CPU.Build.0 = Debug|Any CPU
		{C20455BB-511C-4219-B4E0-CBC19729B54B}.Release|Any CPU.ActiveCfg = Release|Any CPU
		{C20455BB-511C-4219-B4E0-CBC19729B54B}.Release|Any CPU.Build.0 = Release|Any CPU
		{6B26D8D6-8B51-40D9-A807-D3714358A9CF}.Debug|Any CPU.ActiveCfg = Debug|Any CPU
		{6B26D8D6-8B51-40D9-A807-D3714358A9CF}.Debug|Any CPU.Build.0 = Debug|Any CPU
		{6B26D8D6-8B51-40D9-A807-D3714358A9CF}.Release|Any CPU.ActiveCfg = Release|Any CPU
		{6B26D8D6-8B51-40D9-A807-D3714358A9CF}.Release|Any CPU.Build.0 = Release|Any CPU
		{E1323B22-3538-4D57-9E6F-8B5FC86BE469}.Debug|Any CPU.ActiveCfg = Debug|Any CPU
		{E1323B22-3538-4D57-9E6F-8B5FC86BE469}.Debug|Any CPU.Build.0 = Debug|Any CPU
		{E1323B22-3538-4D57-9E6F-8B5FC86BE469}.Release|Any CPU.ActiveCfg = Release|Any CPU
		{E1323B22-3538-4D57-9E6F-8B5FC86BE469}.Release|Any CPU.Build.0 = Release|Any CPU
		{D09C2372-F96C-4DDF-8155-6E4377585152}.Debug|Any CPU.ActiveCfg = Debug|Any CPU
		{D09C2372-F96C-4DDF-8155-6E4377585152}.Debug|Any CPU.Build.0 = Debug|Any CPU
		{D09C2372-F96C-4DDF-8155-6E4377585152}.Release|Any CPU.ActiveCfg = Release|Any CPU
		{D09C2372-F96C-4DDF-8155-6E4377585152}.Release|Any CPU.Build.0 = Release|Any CPU
		{FE0FC5C7-D60D-4943-B6AE-973926D1E493}.Debug|Any CPU.ActiveCfg = Debug|Any CPU
		{FE0FC5C7-D60D-4943-B6AE-973926D1E493}.Debug|Any CPU.Build.0 = Debug|Any CPU
		{FE0FC5C7-D60D-4943-B6AE-973926D1E493}.Release|Any CPU.ActiveCfg = Release|Any CPU
		{FE0FC5C7-D60D-4943-B6AE-973926D1E493}.Release|Any CPU.Build.0 = Release|Any CPU
	EndGlobalSection
	GlobalSection(SolutionProperties) = preSolution
		HideSolutionNode = FALSE
	EndGlobalSection
	GlobalSection(ExtensibilityGlobals) = postSolution
		SolutionGuid = {7486AC96-ACF6-4F1E-B40C-28ADBDFD91F4}
	EndGlobalSection
EndGlobal
