
Microsoft Visual Studio Solution File, Format Version 12.00
# Visual Studio Version 17
VisualStudioVersion = 17.7.34221.43
MinimumVisualStudioVersion = 10.0.40219.1
Project("{9A19103F-16F7-4668-BE54-9A1E7A4F7556}") = "TimeRecordingMicroservice", "TimeRecordingMicroservice\TimeRecordingMicroservice.csproj", "{E1323B22-3538-4D57-9E6F-8B5FC86BE469}"
EndProject
Project("{9A19103F-16F7-4668-BE54-9A1E7A4F7556}") = "NotificationMicroservice", "Notification Microservice\NotificationMicroservice.csproj", "{D09C2372-F96C-4DDF-8155-6E4377585152}"
EndProject
Project("{9A19103F-16F7-4668-BE54-9A1E7A4F7556}") = "ReportingMicroservice", "Reporting Microservice\ReportingMicroservice.csproj", "{FE0FC5C7-D60D-4943-B6AE-973926D1E493}"
EndProject
Project("{9A19103F-16F7-4668-BE54-9A1E7A4F7556}") = "AvailabilityMicroservice", "AvailabilityMicroservice\AvailabilityMicroservice.csproj", "{821BB0B2-34DC-4C6D-9806-AE66C66F54BA}"
EndProject
Project("{9A19103F-16F7-4668-BE54-9A1E7A4F7556}") = "ShiftChangeMicroservice", "ShiftChangeMicroservice\ShiftChangeMicroservice.csproj", "{CD1E1C41-C84F-4DCF-8A7E-F0FF77159B3E}"
EndProject
Project("{9A19103F-16F7-4668-BE54-9A1E7A4F7556}") = "ShiftScheduleMicroService", "ShiftScheduleService\ShiftScheduleMicroService.csproj", "{65441F1B-115B-47A2-BCA6-DF4A38AA6F26}"
EndProject
Project("{9A19103F-16F7-4668-BE54-9A1E7A4F7556}") = "UserMicroservice", "UserMicroservice\UserMicroservice.csproj", "{35986392-D258-49AE-817A-759BA780CE0D}"
EndProject
Global
	GlobalSection(SolutionConfigurationPlatforms) = preSolution
		Debug|Any CPU = Debug|Any CPU
		Release|Any CPU = Release|Any CPU
	EndGlobalSection
	GlobalSection(ProjectConfigurationPlatforms) = postSolution
		{E1323B22-3538-4D57-9E6F-8B5FC86BE469}.Debug|Any CPU.ActiveCfg = Debug|Any CPU
		{E1323B22-3538-4D57-9E6F-8B5FC86BE469}.Debug|Any CPU.Build.0 = Debug|Any CPU
		{E1323B22-3538-4D57-9E6F-8B5FC86BE469}.Release|Any CPU.ActiveCfg = Release|Any CPU
		{E1323B22-3538-4D57-9E6F-8B5FC86BE469}.Release|Any CPU.Build.0 = Release|Any CPU
		{D09C2372-F96C-4DDF-8155-6E4377585152}.Debug|Any CPU.ActiveCfg = Debug|Any CPU
		{D09C2372-F96C-4DDF-8155-6E4377585152}.Debug|Any CPU.Build.0 = Debug|Any CPU
		{D09C2372-F96C-4DDF-8155-6E4377585152}.Release|Any CPU.ActiveCfg = Release|Any CPU
		{D09C2372-F96C-4DDF-8155-6E4377585152}.Release|Any CPU.Build.0 = Release|Any CPU
		{FE0FC5C7-D60D-4943-B6AE-973926D1E493}.Debug|Any CPU.ActiveCfg = Debug|Any CPU
		{FE0FC5C7-D60D-4943-B6AE-973926D1E493}.Debug|Any CPU.Build.0 = Debug|Any CPU
		{FE0FC5C7-D60D-4943-B6AE-973926D1E493}.Release|Any CPU.ActiveCfg = Release|Any CPU
		{FE0FC5C7-D60D-4943-B6AE-973926D1E493}.Release|Any CPU.Build.0 = Release|Any CPU
		{821BB0B2-34DC-4C6D-9806-AE66C66F54BA}.Debug|Any CPU.ActiveCfg = Debug|Any CPU
		{821BB0B2-34DC-4C6D-9806-AE66C66F54BA}.Debug|Any CPU.Build.0 = Debug|Any CPU
		{821BB0B2-34DC-4C6D-9806-AE66C66F54BA}.Release|Any CPU.ActiveCfg = Release|Any CPU
		{821BB0B2-34DC-4C6D-9806-AE66C66F54BA}.Release|Any CPU.Build.0 = Release|Any CPU
		{CD1E1C41-C84F-4DCF-8A7E-F0FF77159B3E}.Debug|Any CPU.ActiveCfg = Debug|Any CPU
		{CD1E1C41-C84F-4DCF-8A7E-F0FF77159B3E}.Debug|Any CPU.Build.0 = Debug|Any CPU
		{CD1E1C41-C84F-4DCF-8A7E-F0FF77159B3E}.Release|Any CPU.ActiveCfg = Release|Any CPU
		{CD1E1C41-C84F-4DCF-8A7E-F0FF77159B3E}.Release|Any CPU.Build.0 = Release|Any CPU
		{65441F1B-115B-47A2-BCA6-DF4A38AA6F26}.Debug|Any CPU.ActiveCfg = Debug|Any CPU
		{65441F1B-115B-47A2-BCA6-DF4A38AA6F26}.Debug|Any CPU.Build.0 = Debug|Any CPU
		{65441F1B-115B-47A2-BCA6-DF4A38AA6F26}.Release|Any CPU.ActiveCfg = Release|Any CPU
		{65441F1B-115B-47A2-BCA6-DF4A38AA6F26}.Release|Any CPU.Build.0 = Release|Any CPU
		{35986392-D258-49AE-817A-759BA780CE0D}.Debug|Any CPU.ActiveCfg = Debug|Any CPU
		{35986392-D258-49AE-817A-759BA780CE0D}.Debug|Any CPU.Build.0 = Debug|Any CPU
		{35986392-D258-49AE-817A-759BA780CE0D}.Release|Any CPU.ActiveCfg = Release|Any CPU
		{35986392-D258-49AE-817A-759BA780CE0D}.Release|Any CPU.Build.0 = Release|Any CPU
	EndGlobalSection
	GlobalSection(SolutionProperties) = preSolution
		HideSolutionNode = FALSE
	EndGlobalSection
	GlobalSection(ExtensibilityGlobals) = postSolution
		SolutionGuid = {7486AC96-ACF6-4F1E-B40C-28ADBDFD91F4}
	EndGlobalSection
EndGlobal
